
Microsoft Visual Studio Solution File, Format Version 12.00
# Visual Studio 15
VisualStudioVersion = 15.0.28307.902
MinimumVisualStudioVersion = 10.0.40219.1
Project("{2150E333-8FDC-42A3-9474-1A3956D46DE8}") = "Apps", "Apps", "{537BB897-A30F-4418-803C-C7DB2AC616F2}"
EndProject
Project("{FAE04EC0-301F-11D3-BF4B-00C04F79EFBC}") = "ESI", "ESI\ESI.csproj", "{78D7E3E0-8125-489A-B923-F55199AE09FA}"
EndProject
Project("{2150E333-8FDC-42A3-9474-1A3956D46DE8}") = "Apps.Core", "Apps.Core", "{9B23B865-050E-4293-B51A-D46A7E663799}"
EndProject
Project("{FAE04EC0-301F-11D3-BF4B-00C04F79EFBC}") = "Jastech.Battery.Structure", "Jastech.Battery.Structure\Jastech.Battery.Structure.csproj", "{9CC98476-12BD-4B94-B3FD-BC6303779DAC}"
EndProject
Project("{FAE04EC0-301F-11D3-BF4B-00C04F79EFBC}") = "Jastech.Battery.Winform", "Jastech.Battery.Winform\Jastech.Battery.Winform.csproj", "{977B2EAE-A783-47E3-8CD7-BF3FFF46F401}"
EndProject
Project("{2150E333-8FDC-42A3-9474-1A3956D46DE8}") = "Core", "Core", "{9AFF9208-4687-4A65-B6D2-9A2C7422D6E6}"
EndProject
Project("{FAE04EC0-301F-11D3-BF4B-00C04F79EFBC}") = "Jastech.Framework", "..\..\Jastech.Core\src\Jastech.Framework\Jastech.Framework.csproj", "{28E92A79-C5AB-4B93-9ABA-A9F40DE4DBCE}"
EndProject
Project("{FAE04EC0-301F-11D3-BF4B-00C04F79EFBC}") = "Jastech.Framework.Comm", "..\..\Jastech.Core\src\Jastech.Framework.Comm\Jastech.Framework.Comm.csproj", "{05B26E55-9C49-4078-983A-C6B13F6EE375}"
EndProject
Project("{FAE04EC0-301F-11D3-BF4B-00C04F79EFBC}") = "Jastech.Framework.Config", "..\..\Jastech.Core\src\Jastech.Framework.Config\Jastech.Framework.Config.csproj", "{6244FA20-EDA3-45D4-85C7-50D901C5D376}"
EndProject
Project("{FAE04EC0-301F-11D3-BF4B-00C04F79EFBC}") = "Jastech.Framework.Device", "..\..\Jastech.Core\src\Jastech.Framework.Device\Jastech.Framework.Device.csproj", "{F43DDCCA-E65C-4131-B789-DB4109E91B68}"
EndProject
Project("{FAE04EC0-301F-11D3-BF4B-00C04F79EFBC}") = "Jastech.Framework.Imaging", "..\..\Jastech.Core\src\Jastech.Framework.Imaging\Jastech.Framework.Imaging.csproj", "{2380DA0F-851A-4430-9A43-E7B2DEEE29F2}"
EndProject
Project("{FAE04EC0-301F-11D3-BF4B-00C04F79EFBC}") = "Jastech.Framework.Matrox", "..\..\Jastech.Core\src\Jastech.Framework.Matrox\Jastech.Framework.Matrox.csproj", "{8B4B5CEF-5B39-423A-A460-A24F7FD8890E}"
EndProject
Project("{FAE04EC0-301F-11D3-BF4B-00C04F79EFBC}") = "Jastech.Framework.Modeller", "..\..\Jastech.Core\src\Jastech.Framework.Modeller\Jastech.Framework.Modeller.csproj", "{FEB6EA9B-86D3-41B0-A950-C5B2555916CF}"
EndProject
Project("{FAE04EC0-301F-11D3-BF4B-00C04F79EFBC}") = "Jastech.Framework.Structure", "..\..\Jastech.Core\src\Jastech.Framework.Structure\Jastech.Framework.Structure.csproj", "{DCFF7B48-8DF8-4ED9-9F0F-F11C2CCB7547}"
EndProject
Project("{FAE04EC0-301F-11D3-BF4B-00C04F79EFBC}") = "Jastech.Framework.Util", "..\..\Jastech.Core\src\Jastech.Framework.Util\Jastech.Framework.Util.csproj", "{07EF86CC-AC6A-454E-B12B-EB63454A1DCA}"
EndProject
Project("{FAE04EC0-301F-11D3-BF4B-00C04F79EFBC}") = "Jastech.Framework.Winform", "..\..\Jastech.Core\src\Jastech.Framework.Winform\Jastech.Framework.Winform.csproj", "{D46C7263-535A-4BF9-AD14-5183EDE0A984}"
EndProject
Global
	GlobalSection(SolutionConfigurationPlatforms) = preSolution
		Debug|Any CPU = Debug|Any CPU
		Debug|x64 = Debug|x64
		Debug|x86 = Debug|x86
		Release|Any CPU = Release|Any CPU
		Release|x64 = Release|x64
		Release|x86 = Release|x86
	EndGlobalSection
	GlobalSection(ProjectConfigurationPlatforms) = postSolution
		{78D7E3E0-8125-489A-B923-F55199AE09FA}.Debug|Any CPU.ActiveCfg = Debug|Any CPU
		{78D7E3E0-8125-489A-B923-F55199AE09FA}.Debug|Any CPU.Build.0 = Debug|Any CPU
		{78D7E3E0-8125-489A-B923-F55199AE09FA}.Debug|x64.ActiveCfg = Debug|x64
		{78D7E3E0-8125-489A-B923-F55199AE09FA}.Debug|x64.Build.0 = Debug|x64
		{78D7E3E0-8125-489A-B923-F55199AE09FA}.Debug|x86.ActiveCfg = Debug|Any CPU
		{78D7E3E0-8125-489A-B923-F55199AE09FA}.Debug|x86.Build.0 = Debug|Any CPU
		{78D7E3E0-8125-489A-B923-F55199AE09FA}.Release|Any CPU.ActiveCfg = Release|Any CPU
		{78D7E3E0-8125-489A-B923-F55199AE09FA}.Release|Any CPU.Build.0 = Release|Any CPU
		{78D7E3E0-8125-489A-B923-F55199AE09FA}.Release|x64.ActiveCfg = Release|Any CPU
		{78D7E3E0-8125-489A-B923-F55199AE09FA}.Release|x64.Build.0 = Release|Any CPU
		{78D7E3E0-8125-489A-B923-F55199AE09FA}.Release|x86.ActiveCfg = Release|Any CPU
		{78D7E3E0-8125-489A-B923-F55199AE09FA}.Release|x86.Build.0 = Release|Any CPU
		{9CC98476-12BD-4B94-B3FD-BC6303779DAC}.Debug|Any CPU.ActiveCfg = Debug|Any CPU
		{9CC98476-12BD-4B94-B3FD-BC6303779DAC}.Debug|Any CPU.Build.0 = Debug|Any CPU
		{9CC98476-12BD-4B94-B3FD-BC6303779DAC}.Debug|x64.ActiveCfg = Debug|x64
		{9CC98476-12BD-4B94-B3FD-BC6303779DAC}.Debug|x64.Build.0 = Debug|x64
		{9CC98476-12BD-4B94-B3FD-BC6303779DAC}.Debug|x86.ActiveCfg = Debug|Any CPU
		{9CC98476-12BD-4B94-B3FD-BC6303779DAC}.Debug|x86.Build.0 = Debug|Any CPU
		{9CC98476-12BD-4B94-B3FD-BC6303779DAC}.Release|Any CPU.ActiveCfg = Release|Any CPU
		{9CC98476-12BD-4B94-B3FD-BC6303779DAC}.Release|Any CPU.Build.0 = Release|Any CPU
		{9CC98476-12BD-4B94-B3FD-BC6303779DAC}.Release|x64.ActiveCfg = Release|Any CPU
		{9CC98476-12BD-4B94-B3FD-BC6303779DAC}.Release|x64.Build.0 = Release|Any CPU
		{9CC98476-12BD-4B94-B3FD-BC6303779DAC}.Release|x86.ActiveCfg = Release|Any CPU
		{9CC98476-12BD-4B94-B3FD-BC6303779DAC}.Release|x86.Build.0 = Release|Any CPU
		{977B2EAE-A783-47E3-8CD7-BF3FFF46F401}.Debug|Any CPU.ActiveCfg = Debug|Any CPU
		{977B2EAE-A783-47E3-8CD7-BF3FFF46F401}.Debug|Any CPU.Build.0 = Debug|Any CPU
		{977B2EAE-A783-47E3-8CD7-BF3FFF46F401}.Debug|x64.ActiveCfg = Debug|x64
		{977B2EAE-A783-47E3-8CD7-BF3FFF46F401}.Debug|x64.Build.0 = Debug|x64
		{977B2EAE-A783-47E3-8CD7-BF3FFF46F401}.Debug|x86.ActiveCfg = Debug|Any CPU
		{977B2EAE-A783-47E3-8CD7-BF3FFF46F401}.Debug|x86.Build.0 = Debug|Any CPU
		{977B2EAE-A783-47E3-8CD7-BF3FFF46F401}.Release|Any CPU.ActiveCfg = Release|Any CPU
		{977B2EAE-A783-47E3-8CD7-BF3FFF46F401}.Release|Any CPU.Build.0 = Release|Any CPU
		{977B2EAE-A783-47E3-8CD7-BF3FFF46F401}.Release|x64.ActiveCfg = Release|Any CPU
		{977B2EAE-A783-47E3-8CD7-BF3FFF46F401}.Release|x64.Build.0 = Release|Any CPU
		{977B2EAE-A783-47E3-8CD7-BF3FFF46F401}.Release|x86.ActiveCfg = Release|Any CPU
		{977B2EAE-A783-47E3-8CD7-BF3FFF46F401}.Release|x86.Build.0 = Release|Any CPU
		{28E92A79-C5AB-4B93-9ABA-A9F40DE4DBCE}.Debug|Any CPU.ActiveCfg = Debug|Any CPU
		{28E92A79-C5AB-4B93-9ABA-A9F40DE4DBCE}.Debug|Any CPU.Build.0 = Debug|Any CPU
		{28E92A79-C5AB-4B93-9ABA-A9F40DE4DBCE}.Debug|x64.ActiveCfg = Debug|x64
		{28E92A79-C5AB-4B93-9ABA-A9F40DE4DBCE}.Debug|x64.Build.0 = Debug|x64
		{28E92A79-C5AB-4B93-9ABA-A9F40DE4DBCE}.Debug|x86.ActiveCfg = Debug|Any CPU
		{28E92A79-C5AB-4B93-9ABA-A9F40DE4DBCE}.Debug|x86.Build.0 = Debug|Any CPU
		{28E92A79-C5AB-4B93-9ABA-A9F40DE4DBCE}.Release|Any CPU.ActiveCfg = Release|Any CPU
		{28E92A79-C5AB-4B93-9ABA-A9F40DE4DBCE}.Release|Any CPU.Build.0 = Release|Any CPU
		{28E92A79-C5AB-4B93-9ABA-A9F40DE4DBCE}.Release|x64.ActiveCfg = Release|x64
		{28E92A79-C5AB-4B93-9ABA-A9F40DE4DBCE}.Release|x64.Build.0 = Release|x64
		{28E92A79-C5AB-4B93-9ABA-A9F40DE4DBCE}.Release|x86.ActiveCfg = Release|Any CPU
		{28E92A79-C5AB-4B93-9ABA-A9F40DE4DBCE}.Release|x86.Build.0 = Release|Any CPU
		{05B26E55-9C49-4078-983A-C6B13F6EE375}.Debug|Any CPU.ActiveCfg = Debug|Any CPU
		{05B26E55-9C49-4078-983A-C6B13F6EE375}.Debug|Any CPU.Build.0 = Debug|Any CPU
		{05B26E55-9C49-4078-983A-C6B13F6EE375}.Debug|x64.ActiveCfg = Debug|x64
		{05B26E55-9C49-4078-983A-C6B13F6EE375}.Debug|x64.Build.0 = Debug|x64
		{05B26E55-9C49-4078-983A-C6B13F6EE375}.Debug|x86.ActiveCfg = Debug|x86
		{05B26E55-9C49-4078-983A-C6B13F6EE375}.Debug|x86.Build.0 = Debug|x86
		{05B26E55-9C49-4078-983A-C6B13F6EE375}.Release|Any CPU.ActiveCfg = Release|Any CPU
		{05B26E55-9C49-4078-983A-C6B13F6EE375}.Release|Any CPU.Build.0 = Release|Any CPU
		{05B26E55-9C49-4078-983A-C6B13F6EE375}.Release|x64.ActiveCfg = Release|x64
		{05B26E55-9C49-4078-983A-C6B13F6EE375}.Release|x64.Build.0 = Release|x64
		{05B26E55-9C49-4078-983A-C6B13F6EE375}.Release|x86.ActiveCfg = Release|x86
		{05B26E55-9C49-4078-983A-C6B13F6EE375}.Release|x86.Build.0 = Release|x86
		{6244FA20-EDA3-45D4-85C7-50D901C5D376}.Debug|Any CPU.ActiveCfg = Debug|Any CPU
		{6244FA20-EDA3-45D4-85C7-50D901C5D376}.Debug|Any CPU.Build.0 = Debug|Any CPU
		{6244FA20-EDA3-45D4-85C7-50D901C5D376}.Debug|x64.ActiveCfg = Debug|x64
		{6244FA20-EDA3-45D4-85C7-50D901C5D376}.Debug|x64.Build.0 = Debug|x64
		{6244FA20-EDA3-45D4-85C7-50D901C5D376}.Debug|x86.ActiveCfg = Debug|x86
		{6244FA20-EDA3-45D4-85C7-50D901C5D376}.Debug|x86.Build.0 = Debug|x86
		{6244FA20-EDA3-45D4-85C7-50D901C5D376}.Release|Any CPU.ActiveCfg = Release|Any CPU
		{6244FA20-EDA3-45D4-85C7-50D901C5D376}.Release|Any CPU.Build.0 = Release|Any CPU
		{6244FA20-EDA3-45D4-85C7-50D901C5D376}.Release|x64.ActiveCfg = Release|x64
		{6244FA20-EDA3-45D4-85C7-50D901C5D376}.Release|x64.Build.0 = Release|x64
		{6244FA20-EDA3-45D4-85C7-50D901C5D376}.Release|x86.ActiveCfg = Release|x86
		{6244FA20-EDA3-45D4-85C7-50D901C5D376}.Release|x86.Build.0 = Release|x86
		{F43DDCCA-E65C-4131-B789-DB4109E91B68}.Debug|Any CPU.ActiveCfg = Debug|Any CPU
		{F43DDCCA-E65C-4131-B789-DB4109E91B68}.Debug|Any CPU.Build.0 = Debug|Any CPU
		{F43DDCCA-E65C-4131-B789-DB4109E91B68}.Debug|x64.ActiveCfg = Debug|x64
		{F43DDCCA-E65C-4131-B789-DB4109E91B68}.Debug|x64.Build.0 = Debug|x64
		{F43DDCCA-E65C-4131-B789-DB4109E91B68}.Debug|x86.ActiveCfg = Debug|x86
		{F43DDCCA-E65C-4131-B789-DB4109E91B68}.Debug|x86.Build.0 = Debug|x86
		{F43DDCCA-E65C-4131-B789-DB4109E91B68}.Release|Any CPU.ActiveCfg = Release|Any CPU
		{F43DDCCA-E65C-4131-B789-DB4109E91B68}.Release|Any CPU.Build.0 = Release|Any CPU
		{F43DDCCA-E65C-4131-B789-DB4109E91B68}.Release|x64.ActiveCfg = Release|x64
		{F43DDCCA-E65C-4131-B789-DB4109E91B68}.Release|x64.Build.0 = Release|x64
		{F43DDCCA-E65C-4131-B789-DB4109E91B68}.Release|x86.ActiveCfg = Release|x86
		{F43DDCCA-E65C-4131-B789-DB4109E91B68}.Release|x86.Build.0 = Release|x86
		{2380DA0F-851A-4430-9A43-E7B2DEEE29F2}.Debug|Any CPU.ActiveCfg = Debug|Any CPU
		{2380DA0F-851A-4430-9A43-E7B2DEEE29F2}.Debug|Any CPU.Build.0 = Debug|Any CPU
		{2380DA0F-851A-4430-9A43-E7B2DEEE29F2}.Debug|x64.ActiveCfg = Debug|x64
		{2380DA0F-851A-4430-9A43-E7B2DEEE29F2}.Debug|x64.Build.0 = Debug|x64
		{2380DA0F-851A-4430-9A43-E7B2DEEE29F2}.Debug|x86.ActiveCfg = Debug|Any CPU
		{2380DA0F-851A-4430-9A43-E7B2DEEE29F2}.Debug|x86.Build.0 = Debug|Any CPU
		{2380DA0F-851A-4430-9A43-E7B2DEEE29F2}.Release|Any CPU.ActiveCfg = Release|Any CPU
		{2380DA0F-851A-4430-9A43-E7B2DEEE29F2}.Release|Any CPU.Build.0 = Release|Any CPU
		{2380DA0F-851A-4430-9A43-E7B2DEEE29F2}.Release|x64.ActiveCfg = Release|x64
		{2380DA0F-851A-4430-9A43-E7B2DEEE29F2}.Release|x64.Build.0 = Release|x64
		{2380DA0F-851A-4430-9A43-E7B2DEEE29F2}.Release|x86.ActiveCfg = Release|Any CPU
		{2380DA0F-851A-4430-9A43-E7B2DEEE29F2}.Release|x86.Build.0 = Release|Any CPU
		{8B4B5CEF-5B39-423A-A460-A24F7FD8890E}.Debug|Any CPU.ActiveCfg = Debug|Any CPU
		{8B4B5CEF-5B39-423A-A460-A24F7FD8890E}.Debug|Any CPU.Build.0 = Debug|Any CPU
		{8B4B5CEF-5B39-423A-A460-A24F7FD8890E}.Debug|x64.ActiveCfg = Debug|x64
		{8B4B5CEF-5B39-423A-A460-A24F7FD8890E}.Debug|x64.Build.0 = Debug|x64
		{8B4B5CEF-5B39-423A-A460-A24F7FD8890E}.Debug|x86.ActiveCfg = Debug|x86
		{8B4B5CEF-5B39-423A-A460-A24F7FD8890E}.Debug|x86.Build.0 = Debug|x86
		{8B4B5CEF-5B39-423A-A460-A24F7FD8890E}.Release|Any CPU.ActiveCfg = Release|Any CPU
		{8B4B5CEF-5B39-423A-A460-A24F7FD8890E}.Release|Any CPU.Build.0 = Release|Any CPU
		{8B4B5CEF-5B39-423A-A460-A24F7FD8890E}.Release|x64.ActiveCfg = Release|x64
		{8B4B5CEF-5B39-423A-A460-A24F7FD8890E}.Release|x64.Build.0 = Release|x64
		{8B4B5CEF-5B39-423A-A460-A24F7FD8890E}.Release|x86.ActiveCfg = Release|x86
		{8B4B5CEF-5B39-423A-A460-A24F7FD8890E}.Release|x86.Build.0 = Release|x86
		{FEB6EA9B-86D3-41B0-A950-C5B2555916CF}.Debug|Any CPU.ActiveCfg = Debug|Any CPU
		{FEB6EA9B-86D3-41B0-A950-C5B2555916CF}.Debug|Any CPU.Build.0 = Debug|Any CPU
		{FEB6EA9B-86D3-41B0-A950-C5B2555916CF}.Debug|x64.ActiveCfg = Debug|x64
		{FEB6EA9B-86D3-41B0-A950-C5B2555916CF}.Debug|x64.Build.0 = Debug|x64
		{FEB6EA9B-86D3-41B0-A950-C5B2555916CF}.Debug|x86.ActiveCfg = Debug|Any CPU
		{FEB6EA9B-86D3-41B0-A950-C5B2555916CF}.Debug|x86.Build.0 = Debug|Any CPU
		{FEB6EA9B-86D3-41B0-A950-C5B2555916CF}.Release|Any CPU.ActiveCfg = Release|Any CPU
		{FEB6EA9B-86D3-41B0-A950-C5B2555916CF}.Release|Any CPU.Build.0 = Release|Any CPU
		{FEB6EA9B-86D3-41B0-A950-C5B2555916CF}.Release|x64.ActiveCfg = Release|x64
		{FEB6EA9B-86D3-41B0-A950-C5B2555916CF}.Release|x64.Build.0 = Release|x64
		{FEB6EA9B-86D3-41B0-A950-C5B2555916CF}.Release|x86.ActiveCfg = Release|Any CPU
		{FEB6EA9B-86D3-41B0-A950-C5B2555916CF}.Release|x86.Build.0 = Release|Any CPU
		{DCFF7B48-8DF8-4ED9-9F0F-F11C2CCB7547}.Debug|Any CPU.ActiveCfg = Debug|Any CPU
		{DCFF7B48-8DF8-4ED9-9F0F-F11C2CCB7547}.Debug|Any CPU.Build.0 = Debug|Any CPU
		{DCFF7B48-8DF8-4ED9-9F0F-F11C2CCB7547}.Debug|x64.ActiveCfg = Debug|x64
		{DCFF7B48-8DF8-4ED9-9F0F-F11C2CCB7547}.Debug|x64.Build.0 = Debug|x64
		{DCFF7B48-8DF8-4ED9-9F0F-F11C2CCB7547}.Debug|x86.ActiveCfg = Debug|x86
		{DCFF7B48-8DF8-4ED9-9F0F-F11C2CCB7547}.Debug|x86.Build.0 = Debug|x86
		{DCFF7B48-8DF8-4ED9-9F0F-F11C2CCB7547}.Release|Any CPU.ActiveCfg = Release|Any CPU
		{DCFF7B48-8DF8-4ED9-9F0F-F11C2CCB7547}.Release|Any CPU.Build.0 = Release|Any CPU
		{DCFF7B48-8DF8-4ED9-9F0F-F11C2CCB7547}.Release|x64.ActiveCfg = Release|x64
		{DCFF7B48-8DF8-4ED9-9F0F-F11C2CCB7547}.Release|x64.Build.0 = Release|x64
		{DCFF7B48-8DF8-4ED9-9F0F-F11C2CCB7547}.Release|x86.ActiveCfg = Release|x86
		{DCFF7B48-8DF8-4ED9-9F0F-F11C2CCB7547}.Release|x86.Build.0 = Release|x86
		{07EF86CC-AC6A-454E-B12B-EB63454A1DCA}.Debug|Any CPU.ActiveCfg = Debug|Any CPU
		{07EF86CC-AC6A-454E-B12B-EB63454A1DCA}.Debug|Any CPU.Build.0 = Debug|Any CPU
		{07EF86CC-AC6A-454E-B12B-EB63454A1DCA}.Debug|x64.ActiveCfg = Debug|x64
		{07EF86CC-AC6A-454E-B12B-EB63454A1DCA}.Debug|x64.Build.0 = Debug|x64
		{07EF86CC-AC6A-454E-B12B-EB63454A1DCA}.Debug|x86.ActiveCfg = Debug|x86
		{07EF86CC-AC6A-454E-B12B-EB63454A1DCA}.Debug|x86.Build.0 = Debug|x86
		{07EF86CC-AC6A-454E-B12B-EB63454A1DCA}.Release|Any CPU.ActiveCfg = Release|Any CPU
		{07EF86CC-AC6A-454E-B12B-EB63454A1DCA}.Release|Any CPU.Build.0 = Release|Any CPU
		{07EF86CC-AC6A-454E-B12B-EB63454A1DCA}.Release|x64.ActiveCfg = Release|x64
		{07EF86CC-AC6A-454E-B12B-EB63454A1DCA}.Release|x64.Build.0 = Release|x64
		{07EF86CC-AC6A-454E-B12B-EB63454A1DCA}.Release|x86.ActiveCfg = Release|x86
		{07EF86CC-AC6A-454E-B12B-EB63454A1DCA}.Release|x86.Build.0 = Release|x86
		{D46C7263-535A-4BF9-AD14-5183EDE0A984}.Debug|Any CPU.ActiveCfg = Debug|Any CPU
		{D46C7263-535A-4BF9-AD14-5183EDE0A984}.Debug|Any CPU.Build.0 = Debug|Any CPU
		{D46C7263-535A-4BF9-AD14-5183EDE0A984}.Debug|x64.ActiveCfg = Debug|x64
		{D46C7263-535A-4BF9-AD14-5183EDE0A984}.Debug|x64.Build.0 = Debug|x64
		{D46C7263-535A-4BF9-AD14-5183EDE0A984}.Debug|x86.ActiveCfg = Debug|Any CPU
		{D46C7263-535A-4BF9-AD14-5183EDE0A984}.Debug|x86.Build.0 = Debug|Any CPU
		{D46C7263-535A-4BF9-AD14-5183EDE0A984}.Release|Any CPU.ActiveCfg = Release|Any CPU
		{D46C7263-535A-4BF9-AD14-5183EDE0A984}.Release|Any CPU.Build.0 = Release|Any CPU
		{D46C7263-535A-4BF9-AD14-5183EDE0A984}.Release|x64.ActiveCfg = Release|x64
		{D46C7263-535A-4BF9-AD14-5183EDE0A984}.Release|x64.Build.0 = Release|x64
		{D46C7263-535A-4BF9-AD14-5183EDE0A984}.Release|x86.ActiveCfg = Release|Any CPU
		{D46C7263-535A-4BF9-AD14-5183EDE0A984}.Release|x86.Build.0 = Release|Any CPU
	EndGlobalSection
	GlobalSection(SolutionProperties) = preSolution
		HideSolutionNode = FALSE
	EndGlobalSection
	GlobalSection(NestedProjects) = preSolution
		{78D7E3E0-8125-489A-B923-F55199AE09FA} = {537BB897-A30F-4418-803C-C7DB2AC616F2}
		{9CC98476-12BD-4B94-B3FD-BC6303779DAC} = {9B23B865-050E-4293-B51A-D46A7E663799}
		{977B2EAE-A783-47E3-8CD7-BF3FFF46F401} = {9B23B865-050E-4293-B51A-D46A7E663799}
		{28E92A79-C5AB-4B93-9ABA-A9F40DE4DBCE} = {9AFF9208-4687-4A65-B6D2-9A2C7422D6E6}
		{05B26E55-9C49-4078-983A-C6B13F6EE375} = {9AFF9208-4687-4A65-B6D2-9A2C7422D6E6}
		{6244FA20-EDA3-45D4-85C7-50D901C5D376} = {9AFF9208-4687-4A65-B6D2-9A2C7422D6E6}
		{F43DDCCA-E65C-4131-B789-DB4109E91B68} = {9AFF9208-4687-4A65-B6D2-9A2C7422D6E6}
		{2380DA0F-851A-4430-9A43-E7B2DEEE29F2} = {9AFF9208-4687-4A65-B6D2-9A2C7422D6E6}
		{8B4B5CEF-5B39-423A-A460-A24F7FD8890E} = {9AFF9208-4687-4A65-B6D2-9A2C7422D6E6}
		{FEB6EA9B-86D3-41B0-A950-C5B2555916CF} = {9AFF9208-4687-4A65-B6D2-9A2C7422D6E6}
		{DCFF7B48-8DF8-4ED9-9F0F-F11C2CCB7547} = {9AFF9208-4687-4A65-B6D2-9A2C7422D6E6}
		{07EF86CC-AC6A-454E-B12B-EB63454A1DCA} = {9AFF9208-4687-4A65-B6D2-9A2C7422D6E6}
		{D46C7263-535A-4BF9-AD14-5183EDE0A984} = {9AFF9208-4687-4A65-B6D2-9A2C7422D6E6}
	EndGlobalSection
	GlobalSection(ExtensibilityGlobals) = postSolution
		SolutionGuid = {893493CE-F459-4B9E-B7C3-C2E562A58838}
	EndGlobalSection
EndGlobal
